# yarn lockfile v1

express@^4.18.2:
  version "4.18.2"
  resolved "https://registry.npmjs.org/express/-/express-4.18.2.tgz"
  dependencies:
    body-parser "1.20.1"

body-parser@1.20.1:
  version "1.20.1"
  resolved "https://registry.npmjs.org/body-parser/-/body-parser-1.20.1.tgz"

typescript@^5.0.0:
  version "5.0.4"
  resolved "https://registry.npmjs.org/typescript/-/typescript-5.0.4.tgz"
